# This file is automatically @generated by Cargo.
# It is not intended for manual editing.
version = 4

[[package]]
name = "extract_sequences"
version = "0.1.0"
dependencies = [
 "gxf-common",
]

[[package]]
name = "gff2bed"
version = "0.1.0"
dependencies = [
 "gxf-common",
]

[[package]]
name = "gxf-common"
version = "0.1.0"

[[package]]
name = "keep_longest_isoform"
version = "0.1.0"
dependencies = [
 "gxf-common",
]
